
Microsoft Visual Studio Solution File, Format Version 12.00
# Visual Studio Version 17
VisualStudioVersion = 17.4.33205.214
MinimumVisualStudioVersion = 10.0.40219.1
Project("{778DAE3C-4631-46EA-AA77-85C1314464D9}") = "MonoGameVB", "MonoGameVB\MonoGameVB.vbproj", "{1DC2D585-0499-4CF9-8AE3-87CF02E53E39}"
EndProject
Project("{778DAE3C-4631-46EA-AA77-85C1314464D9}") = "Common", "Common\Common.vbproj", "{577B8D76-85B4-4075-BE1E-F2900E1A07E5}"
EndProject
Project("{F184B08F-C81C-45F6-A57F-5ABD9991F28F}") = "MGVB.UI", "MGVB.UI\MGVB.UI.vbproj", "{76D91650-3448-4F36-B963-53528600E150}"
EndProject
Global
	GlobalSection(SolutionConfigurationPlatforms) = preSolution
		Debug|Any CPU = Debug|Any CPU
		Debug|x64 = Debug|x64
		Debug|x86 = Debug|x86
		Release|Any CPU = Release|Any CPU
		Release|x64 = Release|x64
		Release|x86 = Release|x86
	EndGlobalSection
	GlobalSection(ProjectConfigurationPlatforms) = postSolution
		{1DC2D585-0499-4CF9-8AE3-87CF02E53E39}.Debug|Any CPU.ActiveCfg = Debug|Any CPU
		{1DC2D585-0499-4CF9-8AE3-87CF02E53E39}.Debug|Any CPU.Build.0 = Debug|Any CPU
		{1DC2D585-0499-4CF9-8AE3-87CF02E53E39}.Debug|x64.ActiveCfg = Debug|Any CPU
		{1DC2D585-0499-4CF9-8AE3-87CF02E53E39}.Debug|x64.Build.0 = Debug|Any CPU
		{1DC2D585-0499-4CF9-8AE3-87CF02E53E39}.Debug|x86.ActiveCfg = Debug|Any CPU
		{1DC2D585-0499-4CF9-8AE3-87CF02E53E39}.Debug|x86.Build.0 = Debug|Any CPU
		{1DC2D585-0499-4CF9-8AE3-87CF02E53E39}.Release|Any CPU.ActiveCfg = Release|Any CPU
		{1DC2D585-0499-4CF9-8AE3-87CF02E53E39}.Release|Any CPU.Build.0 = Release|Any CPU
		{1DC2D585-0499-4CF9-8AE3-87CF02E53E39}.Release|x64.ActiveCfg = Release|Any CPU
		{1DC2D585-0499-4CF9-8AE3-87CF02E53E39}.Release|x64.Build.0 = Release|Any CPU
		{1DC2D585-0499-4CF9-8AE3-87CF02E53E39}.Release|x86.ActiveCfg = Release|Any CPU
		{1DC2D585-0499-4CF9-8AE3-87CF02E53E39}.Release|x86.Build.0 = Release|Any CPU
		{577B8D76-85B4-4075-BE1E-F2900E1A07E5}.Debug|Any CPU.ActiveCfg = Debug|Any CPU
		{577B8D76-85B4-4075-BE1E-F2900E1A07E5}.Debug|Any CPU.Build.0 = Debug|Any CPU
		{577B8D76-85B4-4075-BE1E-F2900E1A07E5}.Debug|x64.ActiveCfg = Debug|Any CPU
		{577B8D76-85B4-4075-BE1E-F2900E1A07E5}.Debug|x64.Build.0 = Debug|Any CPU
		{577B8D76-85B4-4075-BE1E-F2900E1A07E5}.Debug|x86.ActiveCfg = Debug|Any CPU
		{577B8D76-85B4-4075-BE1E-F2900E1A07E5}.Debug|x86.Build.0 = Debug|Any CPU
		{577B8D76-85B4-4075-BE1E-F2900E1A07E5}.Release|Any CPU.ActiveCfg = Release|Any CPU
		{577B8D76-85B4-4075-BE1E-F2900E1A07E5}.Release|Any CPU.Build.0 = Release|Any CPU
		{577B8D76-85B4-4075-BE1E-F2900E1A07E5}.Release|x64.ActiveCfg = Release|Any CPU
		{577B8D76-85B4-4075-BE1E-F2900E1A07E5}.Release|x64.Build.0 = Release|Any CPU
		{577B8D76-85B4-4075-BE1E-F2900E1A07E5}.Release|x86.ActiveCfg = Release|Any CPU
		{577B8D76-85B4-4075-BE1E-F2900E1A07E5}.Release|x86.Build.0 = Release|Any CPU
		{76D91650-3448-4F36-B963-53528600E150}.Debug|Any CPU.ActiveCfg = Debug|Any CPU
		{76D91650-3448-4F36-B963-53528600E150}.Debug|Any CPU.Build.0 = Debug|Any CPU
		{76D91650-3448-4F36-B963-53528600E150}.Debug|x64.ActiveCfg = Debug|Any CPU
		{76D91650-3448-4F36-B963-53528600E150}.Debug|x64.Build.0 = Debug|Any CPU
		{76D91650-3448-4F36-B963-53528600E150}.Debug|x86.ActiveCfg = Debug|Any CPU
		{76D91650-3448-4F36-B963-53528600E150}.Debug|x86.Build.0 = Debug|Any CPU
		{76D91650-3448-4F36-B963-53528600E150}.Release|Any CPU.ActiveCfg = Release|Any CPU
		{76D91650-3448-4F36-B963-53528600E150}.Release|Any CPU.Build.0 = Release|Any CPU
		{76D91650-3448-4F36-B963-53528600E150}.Release|x64.ActiveCfg = Release|Any CPU
		{76D91650-3448-4F36-B963-53528600E150}.Release|x64.Build.0 = Release|Any CPU
		{76D91650-3448-4F36-B963-53528600E150}.Release|x86.ActiveCfg = Release|Any CPU
		{76D91650-3448-4F36-B963-53528600E150}.Release|x86.Build.0 = Release|Any CPU
	EndGlobalSection
	GlobalSection(SolutionProperties) = preSolution
		HideSolutionNode = FALSE
	EndGlobalSection
	GlobalSection(ExtensibilityGlobals) = postSolution
		SolutionGuid = {D05D1EDE-897A-4AE9-94F0-3A1974BCC4DD}
	EndGlobalSection
EndGlobal
